
Microsoft Visual Studio Solution File, Format Version 12.00
# Visual Studio Version 17
VisualStudioVersion = 17.14.36518.9
MinimumVisualStudioVersion = 10.0.40219.1
Project("{FAE04EC0-301F-11D3-BF4B-00C04F79EFBC}") = "EmmaSystem.Application", "EmmaSystem.Application\EmmaSystem.Application.csproj", "{1E99A6F5-FB83-4062-B501-5F4BC4165252}"
EndProject
Project("{FAE04EC0-301F-11D3-BF4B-00C04F79EFBC}") = "EmmaSystem.Infrastructure", "EmmaSystem.Infrastructure\EmmaSystem.Infrastructure.csproj", "{4E88AA74-FF17-4417-A7F2-60FE9ADA3BD1}"
EndProject
Project("{FAE04EC0-301F-11D3-BF4B-00C04F79EFBC}") = "EmmaSystem.API", "EmmaSystem.API\EmmaSystem.API.csproj", "{B1E4B3A4-7FD5-4CE4-97AC-B42DBF5FFDB0}"
EndProject
Project("{2150E333-8FDC-42A3-9474-1A3956D46DE8}") = "Elementos de la solución", "Elementos de la solución", "{D107F4C8-89CC-BEA8-D3D7-CA6B7733353D}"
	ProjectSection(SolutionItems) = preProject
		Directory.Build.props = Directory.Build.props
	EndProjectSection
EndProject
Global
	GlobalSection(SolutionConfigurationPlatforms) = preSolution
		Debug|Any CPU = Debug|Any CPU
		Release|Any CPU = Release|Any CPU
	EndGlobalSection
	GlobalSection(ProjectConfigurationPlatforms) = postSolution
		{1E99A6F5-FB83-4062-B501-5F4BC4165252}.Debug|Any CPU.ActiveCfg = Debug|Any CPU
		{1E99A6F5-FB83-4062-B501-5F4BC4165252}.Debug|Any CPU.Build.0 = Debug|Any CPU
		{1E99A6F5-FB83-4062-B501-5F4BC4165252}.Release|Any CPU.ActiveCfg = Release|Any CPU
		{1E99A6F5-FB83-4062-B501-5F4BC4165252}.Release|Any CPU.Build.0 = Release|Any CPU
		{4E88AA74-FF17-4417-A7F2-60FE9ADA3BD1}.Debug|Any CPU.ActiveCfg = Debug|Any CPU
		{4E88AA74-FF17-4417-A7F2-60FE9ADA3BD1}.Debug|Any CPU.Build.0 = Debug|Any CPU
		{4E88AA74-FF17-4417-A7F2-60FE9ADA3BD1}.Release|Any CPU.ActiveCfg = Release|Any CPU
		{4E88AA74-FF17-4417-A7F2-60FE9ADA3BD1}.Release|Any CPU.Build.0 = Release|Any CPU
		{B1E4B3A4-7FD5-4CE4-97AC-B42DBF5FFDB0}.Debug|Any CPU.ActiveCfg = Debug|Any CPU
		{B1E4B3A4-7FD5-4CE4-97AC-B42DBF5FFDB0}.Debug|Any CPU.Build.0 = Debug|Any CPU
		{B1E4B3A4-7FD5-4CE4-97AC-B42DBF5FFDB0}.Release|Any CPU.ActiveCfg = Release|Any CPU
		{B1E4B3A4-7FD5-4CE4-97AC-B42DBF5FFDB0}.Release|Any CPU.Build.0 = Release|Any CPU
	EndGlobalSection
	GlobalSection(SolutionProperties) = preSolution
		HideSolutionNode = FALSE
	EndGlobalSection
	GlobalSection(ExtensibilityGlobals) = postSolution
		SolutionGuid = {0F6C97CF-CECF-4AA0-AAB6-FAF267C6BD9C}
	EndGlobalSection
EndGlobal
